// !$*UTF8*$!
{
	archiveVersion = 1;
	classes = {
	};
	objectVersion = 51;
	objects = {

/* Begin PBXBuildFile section */
		302D8D4D234DE2380001D856 /* File.swift in Sources */ = {isa = PBXBuildFile; fileRef = 302D8D4C234DE2380001D856 /* File.swift */; };
		302D8D4F234DE25C0001D856 /* Model.swift in Sources */ = {isa = PBXBuildFile; fileRef = 302D8D4E234DE25C0001D856 /* Model.swift */; };
		302D8D5A234F3A8E0001D856 /* CateViewController.swift in Sources */ = {isa = PBXBuildFile; fileRef = 302D8D59234F3A8E0001D856 /* CateViewController.swift */; };
		302D8D5C234F3A9C0001D856 /* MineViewController.swift in Sources */ = {isa = PBXBuildFile; fileRef = 302D8D5B234F3A9C0001D856 /* MineViewController.swift */; };
		303A159F2356DB9D00979962 /* CatDetailCell.swift in Sources */ = {isa = PBXBuildFile; fileRef = 303A159E2356DB9D00979962 /* CatDetailCell.swift */; };
		303A15A3235708F100979962 /* ArticleDetailViewController.swift in Sources */ = {isa = PBXBuildFile; fileRef = 303A15A2235708F100979962 /* ArticleDetailViewController.swift */; };
		303A15A8235717E100979962 /* ArticleCatalogHeaderView.swift in Sources */ = {isa = PBXBuildFile; fileRef = 303A15A7235717E100979962 /* ArticleCatalogHeaderView.swift */; };
		303A15AA235800A900979962 /* ArticlePastIssueViewController.swift in Sources */ = {isa = PBXBuildFile; fileRef = 303A15A9235800A900979962 /* ArticlePastIssueViewController.swift */; };
		303A15AC235803F200979962 /* ArticleCatalogViewController.swift in Sources */ = {isa = PBXBuildFile; fileRef = 303A15AB235803F200979962 /* ArticleCatalogViewController.swift */; };
		303A15AE235831CF00979962 /* ArticleCatalogViewCellCollectionViewCell.swift in Sources */ = {isa = PBXBuildFile; fileRef = 303A15AD235831CF00979962 /* ArticleCatalogViewCellCollectionViewCell.swift */; };
		303A15B12358564200979962 /* ArticleCatalogCollectionReusableHeaderView.swift in Sources */ = {isa = PBXBuildFile; fileRef = 303A15B02358564200979962 /* ArticleCatalogCollectionReusableHeaderView.swift */; };
		303A15B3235872DA00979962 /* ArticleCatalogCollectionReusableFooterView.swift in Sources */ = {isa = PBXBuildFile; fileRef = 303A15B2235872DA00979962 /* ArticleCatalogCollectionReusableFooterView.swift */; };
		303A15B5235950E400979962 /* BaseWebView.swift in Sources */ = {isa = PBXBuildFile; fileRef = 303A15B4235950E400979962 /* BaseWebView.swift */; };
		303C6851235B642700D9E48C /* AritclePage in Resources */ = {isa = PBXBuildFile; fileRef = 303C6850235B642700D9E48C /* AritclePage */; };
		3094690323589F3A00BF5CFA /* ArticleContentViewController.swift in Sources */ = {isa = PBXBuildFile; fileRef = 3094690223589F3A00BF5CFA /* ArticleContentViewController.swift */; };
		3099A39723541BED0055DB66 /* Config.swift in Sources */ = {isa = PBXBuildFile; fileRef = 3099A39623541BED0055DB66 /* Config.swift */; };
		3099A39923556A3F0055DB66 /* CatCollectionViewSectionFooter.swift in Sources */ = {isa = PBXBuildFile; fileRef = 3099A39823556A3F0055DB66 /* CatCollectionViewSectionFooter.swift */; };
		3099A39B2355CC7E0055DB66 /* CatDetailViewController.swift in Sources */ = {isa = PBXBuildFile; fileRef = 3099A39A2355CC7E0055DB66 /* CatDetailViewController.swift */; };
		30C1619F234DAA0800BC17F5 /* ArrayExtensions.swift in Sources */ = {isa = PBXBuildFile; fileRef = 30C16196234DAA0700BC17F5 /* ArrayExtensions.swift */; };
		30C161A0234DAA0800BC17F5 /* UIColorExtension.swift in Sources */ = {isa = PBXBuildFile; fileRef = 30C16197234DAA0700BC17F5 /* UIColorExtension.swift */; };
		30C161A1234DAA0800BC17F5 /* UIViewExtension.swift in Sources */ = {isa = PBXBuildFile; fileRef = 30C16198234DAA0700BC17F5 /* UIViewExtension.swift */; };
		30C161A2234DAA0800BC17F5 /* UIBarButtonItemExtension.swift in Sources */ = {isa = PBXBuildFile; fileRef = 30C16199234DAA0700BC17F5 /* UIBarButtonItemExtension.swift */; };
		30C161A3234DAA0800BC17F5 /* UIDeviceExtension.swift in Sources */ = {isa = PBXBuildFile; fileRef = 30C1619A234DAA0700BC17F5 /* UIDeviceExtension.swift */; };
		30C161A4234DAA0800BC17F5 /* UIImageExtensions.swift in Sources */ = {isa = PBXBuildFile; fileRef = 30C1619B234DAA0700BC17F5 /* UIImageExtensions.swift */; };
		30C161A5234DAA0800BC17F5 /* DispatchQueueExtension.swift in Sources */ = {isa = PBXBuildFile; fileRef = 30C1619C234DAA0700BC17F5 /* DispatchQueueExtension.swift */; };
		30C161A6234DAA0800BC17F5 /* StringExtension.swift in Sources */ = {isa = PBXBuildFile; fileRef = 30C1619D234DAA0700BC17F5 /* StringExtension.swift */; };
		30C161A7234DAA0800BC17F5 /* DictionaryExtension.swift in Sources */ = {isa = PBXBuildFile; fileRef = 30C1619E234DAA0700BC17F5 /* DictionaryExtension.swift */; };
		30C161AA234DAA5400BC17F5 /* Api.swift in Sources */ = {isa = PBXBuildFile; fileRef = 30C161A9234DAA5400BC17F5 /* Api.swift */; };
		30C161AE234DAB8D00BC17F5 /* Global.swift in Sources */ = {isa = PBXBuildFile; fileRef = 30C161AD234DAB8D00BC17F5 /* Global.swift */; };
		30C161BD234DABE600BC17F5 /* UBaseTableViewHeaderFooterView.swift in Sources */ = {isa = PBXBuildFile; fileRef = 30C161B3234DABE600BC17F5 /* UBaseTableViewHeaderFooterView.swift */; };
		30C161BE234DABE600BC17F5 /* UBaseCollectionViewCell.swift in Sources */ = {isa = PBXBuildFile; fileRef = 30C161B4234DABE600BC17F5 /* UBaseCollectionViewCell.swift */; };
		30C161BF234DABE600BC17F5 /* UBaseTableViewCell.swift in Sources */ = {isa = PBXBuildFile; fileRef = 30C161B5234DABE600BC17F5 /* UBaseTableViewCell.swift */; };
		30C161C0234DABE600BC17F5 /* UBaseCollectionReusableView.swift in Sources */ = {isa = PBXBuildFile; fileRef = 30C161B6234DABE600BC17F5 /* UBaseCollectionReusableView.swift */; };
		30C161C2234DABE600BC17F5 /* UBaseViewController.swift in Sources */ = {isa = PBXBuildFile; fileRef = 30C161B9234DABE600BC17F5 /* UBaseViewController.swift */; };
		30C161C3234DABE600BC17F5 /* UTabBarController.swift in Sources */ = {isa = PBXBuildFile; fileRef = 30C161BA234DABE600BC17F5 /* UTabBarController.swift */; };
		30C161C4234DABE600BC17F5 /* UNavigationController.swift in Sources */ = {isa = PBXBuildFile; fileRef = 30C161BB234DABE600BC17F5 /* UNavigationController.swift */; };
		30C161C5234DABE600BC17F5 /* UWebViewController.swift in Sources */ = {isa = PBXBuildFile; fileRef = 30C161BC234DABE600BC17F5 /* UWebViewController.swift */; };
		30C188232356225800FDF273 /* MineHeader.swift in Sources */ = {isa = PBXBuildFile; fileRef = 30C188222356225800FDF273 /* MineHeader.swift */; };
		30D6585923504756008516A6 /* CatCollectionViewCell.swift in Sources */ = {isa = PBXBuildFile; fileRef = 30D6585823504756008516A6 /* CatCollectionViewCell.swift */; };
		30D826DB23534634000CFFFD /* FavouriteViewController.swift in Sources */ = {isa = PBXBuildFile; fileRef = 30D826DA23534634000CFFFD /* FavouriteViewController.swift */; };
		30D826DD235361A3000CFFFD /* CatCollectionViewSectionHeader.swift in Sources */ = {isa = PBXBuildFile; fileRef = 30D826DC235361A3000CFFFD /* CatCollectionViewSectionHeader.swift */; };
		30DE1A08234A616D000B4E63 /* AppDelegate.swift in Sources */ = {isa = PBXBuildFile; fileRef = 30DE1A07234A616D000B4E63 /* AppDelegate.swift */; };
		30DE1A0C234A616D000B4E63 /* ViewController.swift in Sources */ = {isa = PBXBuildFile; fileRef = 30DE1A0B234A616D000B4E63 /* ViewController.swift */; };
		30DE1A11234A616E000B4E63 /* Assets.xcassets in Resources */ = {isa = PBXBuildFile; fileRef = 30DE1A10234A616E000B4E63 /* Assets.xcassets */; };
		30DE1A14234A616E000B4E63 /* LaunchScreen.storyboard in Resources */ = {isa = PBXBuildFile; fileRef = 30DE1A12234A616E000B4E63 /* LaunchScreen.storyboard */; };
		FDB7DE9D73714A224B79D31A /* Pods_MagazineReader.framework in Frameworks */ = {isa = PBXBuildFile; fileRef = A13D3A4A785036F8CEF21874 /* Pods_MagazineReader.framework */; };
/* End PBXBuildFile section */

/* Begin PBXFileReference section */
		302D8D4C234DE2380001D856 /* File.swift */ = {isa = PBXFileReference; lastKnownFileType = sourcecode.swift; path = File.swift; sourceTree = "<group>"; };
		302D8D4E234DE25C0001D856 /* Model.swift */ = {isa = PBXFileReference; lastKnownFileType = sourcecode.swift; path = Model.swift; sourceTree = "<group>"; };
		302D8D59234F3A8E0001D856 /* CateViewController.swift */ = {isa = PBXFileReference; lastKnownFileType = sourcecode.swift; path = CateViewController.swift; sourceTree = "<group>"; };
		302D8D5B234F3A9C0001D856 /* MineViewController.swift */ = {isa = PBXFileReference; lastKnownFileType = sourcecode.swift; path = MineViewController.swift; sourceTree = "<group>"; };
		303A159E2356DB9D00979962 /* CatDetailCell.swift */ = {isa = PBXFileReference; lastKnownFileType = sourcecode.swift; path = CatDetailCell.swift; sourceTree = "<group>"; };
		303A15A2235708F100979962 /* ArticleDetailViewController.swift */ = {isa = PBXFileReference; lastKnownFileType = sourcecode.swift; path = ArticleDetailViewController.swift; sourceTree = "<group>"; };
		303A15A7235717E100979962 /* ArticleCatalogHeaderView.swift */ = {isa = PBXFileReference; lastKnownFileType = sourcecode.swift; path = ArticleCatalogHeaderView.swift; sourceTree = "<group>"; };
		303A15A9235800A900979962 /* ArticlePastIssueViewController.swift */ = {isa = PBXFileReference; lastKnownFileType = sourcecode.swift; path = ArticlePastIssueViewController.swift; sourceTree = "<group>"; };
		303A15AB235803F200979962 /* ArticleCatalogViewController.swift */ = {isa = PBXFileReference; lastKnownFileType = sourcecode.swift; path = ArticleCatalogViewController.swift; sourceTree = "<group>"; };
		303A15AD235831CF00979962 /* ArticleCatalogViewCellCollectionViewCell.swift */ = {isa = PBXFileReference; lastKnownFileType = sourcecode.swift; path = ArticleCatalogViewCellCollectionViewCell.swift; sourceTree = "<group>"; };
		303A15AF23583F1C00979962 /* TODO.md */ = {isa = PBXFileReference; lastKnownFileType = net.daringfireball.markdown; path = TODO.md; sourceTree = "<group>"; };
		303A15B02358564200979962 /* ArticleCatalogCollectionReusableHeaderView.swift */ = {isa = PBXFileReference; lastKnownFileType = sourcecode.swift; path = ArticleCatalogCollectionReusableHeaderView.swift; sourceTree = "<group>"; };
		303A15B2235872DA00979962 /* ArticleCatalogCollectionReusableFooterView.swift */ = {isa = PBXFileReference; lastKnownFileType = sourcecode.swift; path = ArticleCatalogCollectionReusableFooterView.swift; sourceTree = "<group>"; };
		303A15B4235950E400979962 /* BaseWebView.swift */ = {isa = PBXFileReference; lastKnownFileType = sourcecode.swift; path = BaseWebView.swift; sourceTree = "<group>"; };
		303C6850235B642700D9E48C /* AritclePage */ = {isa = PBXFileReference; lastKnownFileType = folder; path = AritclePage; sourceTree = "<group>"; };
		3094690223589F3A00BF5CFA /* ArticleContentViewController.swift */ = {isa = PBXFileReference; lastKnownFileType = sourcecode.swift; path = ArticleContentViewController.swift; sourceTree = "<group>"; };
		3099A39623541BED0055DB66 /* Config.swift */ = {isa = PBXFileReference; lastKnownFileType = sourcecode.swift; path = Config.swift; sourceTree = "<group>"; };
		3099A39823556A3F0055DB66 /* CatCollectionViewSectionFooter.swift */ = {isa = PBXFileReference; lastKnownFileType = sourcecode.swift; path = CatCollectionViewSectionFooter.swift; sourceTree = "<group>"; };
		3099A39A2355CC7E0055DB66 /* CatDetailViewController.swift */ = {isa = PBXFileReference; lastKnownFileType = sourcecode.swift; path = CatDetailViewController.swift; sourceTree = "<group>"; };
		30C16196234DAA0700BC17F5 /* ArrayExtensions.swift */ = {isa = PBXFileReference; fileEncoding = 4; lastKnownFileType = sourcecode.swift; path = ArrayExtensions.swift; sourceTree = "<group>"; };
		30C16197234DAA0700BC17F5 /* UIColorExtension.swift */ = {isa = PBXFileReference; fileEncoding = 4; lastKnownFileType = sourcecode.swift; path = UIColorExtension.swift; sourceTree = "<group>"; };
		30C16198234DAA0700BC17F5 /* UIViewExtension.swift */ = {isa = PBXFileReference; fileEncoding = 4; lastKnownFileType = sourcecode.swift; path = UIViewExtension.swift; sourceTree = "<group>"; };
		30C16199234DAA0700BC17F5 /* UIBarButtonItemExtension.swift */ = {isa = PBXFileReference; fileEncoding = 4; lastKnownFileType = sourcecode.swift; path = UIBarButtonItemExtension.swift; sourceTree = "<group>"; };
		30C1619A234DAA0700BC17F5 /* UIDeviceExtension.swift */ = {isa = PBXFileReference; fileEncoding = 4; lastKnownFileType = sourcecode.swift; path = UIDeviceExtension.swift; sourceTree = "<group>"; };
		30C1619B234DAA0700BC17F5 /* UIImageExtensions.swift */ = {isa = PBXFileReference; fileEncoding = 4; lastKnownFileType = sourcecode.swift; path = UIImageExtensions.swift; sourceTree = "<group>"; };
		30C1619C234DAA0700BC17F5 /* DispatchQueueExtension.swift */ = {isa = PBXFileReference; fileEncoding = 4; lastKnownFileType = sourcecode.swift; path = DispatchQueueExtension.swift; sourceTree = "<group>"; };
		30C1619D234DAA0700BC17F5 /* StringExtension.swift */ = {isa = PBXFileReference; fileEncoding = 4; lastKnownFileType = sourcecode.swift; path = StringExtension.swift; sourceTree = "<group>"; };
		30C1619E234DAA0700BC17F5 /* DictionaryExtension.swift */ = {isa = PBXFileReference; fileEncoding = 4; lastKnownFileType = sourcecode.swift; path = DictionaryExtension.swift; sourceTree = "<group>"; };
		30C161A9234DAA5400BC17F5 /* Api.swift */ = {isa = PBXFileReference; lastKnownFileType = sourcecode.swift; path = Api.swift; sourceTree = "<group>"; };
		30C161AD234DAB8D00BC17F5 /* Global.swift */ = {isa = PBXFileReference; fileEncoding = 4; lastKnownFileType = sourcecode.swift; path = Global.swift; sourceTree = "<group>"; };
		30C161B3234DABE600BC17F5 /* UBaseTableViewHeaderFooterView.swift */ = {isa = PBXFileReference; fileEncoding = 4; lastKnownFileType = sourcecode.swift; path = UBaseTableViewHeaderFooterView.swift; sourceTree = "<group>"; };
		30C161B4234DABE600BC17F5 /* UBaseCollectionViewCell.swift */ = {isa = PBXFileReference; fileEncoding = 4; lastKnownFileType = sourcecode.swift; path = UBaseCollectionViewCell.swift; sourceTree = "<group>"; };
		30C161B5234DABE600BC17F5 /* UBaseTableViewCell.swift */ = {isa = PBXFileReference; fileEncoding = 4; lastKnownFileType = sourcecode.swift; path = UBaseTableViewCell.swift; sourceTree = "<group>"; };
		30C161B6234DABE600BC17F5 /* UBaseCollectionReusableView.swift */ = {isa = PBXFileReference; fileEncoding = 4; lastKnownFileType = sourcecode.swift; path = UBaseCollectionReusableView.swift; sourceTree = "<group>"; };
		30C161B9234DABE600BC17F5 /* UBaseViewController.swift */ = {isa = PBXFileReference; fileEncoding = 4; lastKnownFileType = sourcecode.swift; path = UBaseViewController.swift; sourceTree = "<group>"; };
		30C161BA234DABE600BC17F5 /* UTabBarController.swift */ = {isa = PBXFileReference; fileEncoding = 4; lastKnownFileType = sourcecode.swift; path = UTabBarController.swift; sourceTree = "<group>"; };
		30C161BB234DABE600BC17F5 /* UNavigationController.swift */ = {isa = PBXFileReference; fileEncoding = 4; lastKnownFileType = sourcecode.swift; path = UNavigationController.swift; sourceTree = "<group>"; };
		30C161BC234DABE600BC17F5 /* UWebViewController.swift */ = {isa = PBXFileReference; fileEncoding = 4; lastKnownFileType = sourcecode.swift; path = UWebViewController.swift; sourceTree = "<group>"; };
		30C188222356225800FDF273 /* MineHeader.swift */ = {isa = PBXFileReference; lastKnownFileType = sourcecode.swift; path = MineHeader.swift; sourceTree = "<group>"; };
		30D6585823504756008516A6 /* CatCollectionViewCell.swift */ = {isa = PBXFileReference; lastKnownFileType = sourcecode.swift; path = CatCollectionViewCell.swift; sourceTree = "<group>"; };
		30D826DA23534634000CFFFD /* FavouriteViewController.swift */ = {isa = PBXFileReference; lastKnownFileType = sourcecode.swift; path = FavouriteViewController.swift; sourceTree = "<group>"; };
		30D826DC235361A3000CFFFD /* CatCollectionViewSectionHeader.swift */ = {isa = PBXFileReference; lastKnownFileType = sourcecode.swift; path = CatCollectionViewSectionHeader.swift; sourceTree = "<group>"; };
		30DE1A04234A616C000B4E63 /* MagazineReader.app */ = {isa = PBXFileReference; explicitFileType = wrapper.application; includeInIndex = 0; path = MagazineReader.app; sourceTree = BUILT_PRODUCTS_DIR; };
		30DE1A07234A616D000B4E63 /* AppDelegate.swift */ = {isa = PBXFileReference; lastKnownFileType = sourcecode.swift; path = AppDelegate.swift; sourceTree = "<group>"; };
		30DE1A0B234A616D000B4E63 /* ViewController.swift */ = {isa = PBXFileReference; lastKnownFileType = sourcecode.swift; path = ViewController.swift; sourceTree = "<group>"; };
		30DE1A10234A616E000B4E63 /* Assets.xcassets */ = {isa = PBXFileReference; lastKnownFileType = folder.assetcatalog; path = Assets.xcassets; sourceTree = "<group>"; };
		30DE1A13234A616E000B4E63 /* Base */ = {isa = PBXFileReference; lastKnownFileType = file.storyboard; name = Base; path = Base.lproj/LaunchScreen.storyboard; sourceTree = "<group>"; };
		30DE1A15234A616E000B4E63 /* Info.plist */ = {isa = PBXFileReference; lastKnownFileType = text.plist.xml; path = Info.plist; sourceTree = "<group>"; };
		5E8690F37D7513B00BF9A3E0 /* Pods-MagazineReader.release.xcconfig */ = {isa = PBXFileReference; includeInIndex = 1; lastKnownFileType = text.xcconfig; name = "Pods-MagazineReader.release.xcconfig"; path = "Target Support Files/Pods-MagazineReader/Pods-MagazineReader.release.xcconfig"; sourceTree = "<group>"; };
		6E06080BDB022BF557C98E7C /* Pods-MagazineReader.debug.xcconfig */ = {isa = PBXFileReference; includeInIndex = 1; lastKnownFileType = text.xcconfig; name = "Pods-MagazineReader.debug.xcconfig"; path = "Target Support Files/Pods-MagazineReader/Pods-MagazineReader.debug.xcconfig"; sourceTree = "<group>"; };
		A13D3A4A785036F8CEF21874 /* Pods_MagazineReader.framework */ = {isa = PBXFileReference; explicitFileType = wrapper.framework; includeInIndex = 0; path = Pods_MagazineReader.framework; sourceTree = BUILT_PRODUCTS_DIR; };
/* End PBXFileReference section */

/* Begin PBXFrameworksBuildPhase section */
		30DE1A01234A616C000B4E63 /* Frameworks */ = {
			isa = PBXFrameworksBuildPhase;
			buildActionMask = 2147483647;
			files = (
				FDB7DE9D73714A224B79D31A /* Pods_MagazineReader.framework in Frameworks */,
			);
			runOnlyForDeploymentPostprocessing = 0;
		};
/* End PBXFrameworksBuildPhase section */

/* Begin PBXGroup section */
		302D8D51234F1E670001D856 /* Cate */ = {
			isa = PBXGroup;
			children = (
				30D658572350471A008516A6 /* View */,
				302D8D55234F3A380001D856 /* ViewController */,
			);
			path = Cate;
			sourceTree = "<group>";
		};
		302D8D52234F1E710001D856 /* Mine */ = {
			isa = PBXGroup;
			children = (
				30C188212356224000FDF273 /* View */,
				302D8D56234F3A420001D856 /* ViewController */,
			);
			path = Mine;
			sourceTree = "<group>";
		};
		302D8D55234F3A380001D856 /* ViewController */ = {
			isa = PBXGroup;
			children = (
				302D8D59234F3A8E0001D856 /* CateViewController.swift */,
				3099A39A2355CC7E0055DB66 /* CatDetailViewController.swift */,
			);
			path = ViewController;
			sourceTree = "<group>";
		};
		302D8D56234F3A420001D856 /* ViewController */ = {
			isa = PBXGroup;
			children = (
				302D8D5B234F3A9C0001D856 /* MineViewController.swift */,
			);
			path = ViewController;
			sourceTree = "<group>";
		};
		303A15A0235708AC00979962 /* Article */ = {
			isa = PBXGroup;
			children = (
				303A15A42357093300979962 /* View */,
				303A15A1235708C300979962 /* ViewController */,
			);
			path = Article;
			sourceTree = "<group>";
		};
		303A15A1235708C300979962 /* ViewController */ = {
			isa = PBXGroup;
			children = (
				303A15A2235708F100979962 /* ArticleDetailViewController.swift */,
				303A15A9235800A900979962 /* ArticlePastIssueViewController.swift */,
				303A15AB235803F200979962 /* ArticleCatalogViewController.swift */,
				3094690223589F3A00BF5CFA /* ArticleContentViewController.swift */,
			);
			path = ViewController;
			sourceTree = "<group>";
		};
		303A15A42357093300979962 /* View */ = {
			isa = PBXGroup;
			children = (
				303A15A7235717E100979962 /* ArticleCatalogHeaderView.swift */,
				303A15AD235831CF00979962 /* ArticleCatalogViewCellCollectionViewCell.swift */,
				303A15B02358564200979962 /* ArticleCatalogCollectionReusableHeaderView.swift */,
				303A15B2235872DA00979962 /* ArticleCatalogCollectionReusableFooterView.swift */,
			);
			path = View;
			sourceTree = "<group>";
		};
		30C16195234DAA0700BC17F5 /* Extension */ = {
			isa = PBXGroup;
			children = (
				30C16196234DAA0700BC17F5 /* ArrayExtensions.swift */,
				30C16197234DAA0700BC17F5 /* UIColorExtension.swift */,
				30C16198234DAA0700BC17F5 /* UIViewExtension.swift */,
				30C16199234DAA0700BC17F5 /* UIBarButtonItemExtension.swift */,
				30C1619A234DAA0700BC17F5 /* UIDeviceExtension.swift */,
				30C1619B234DAA0700BC17F5 /* UIImageExtensions.swift */,
				30C1619C234DAA0700BC17F5 /* DispatchQueueExtension.swift */,
				30C1619D234DAA0700BC17F5 /* StringExtension.swift */,
				30C1619E234DAA0700BC17F5 /* DictionaryExtension.swift */,
			);
			path = Extension;
			sourceTree = "<group>";
		};
		30C161A8234DAA2400BC17F5 /* Api */ = {
			isa = PBXGroup;
			children = (
				30C161A9234DAA5400BC17F5 /* Api.swift */,
			);
			path = Api;
			sourceTree = "<group>";
		};
		30C161AB234DAA6400BC17F5 /* Support */ = {
			isa = PBXGroup;
			children = (
				303C6850235B642700D9E48C /* AritclePage */,
				30C161AD234DAB8D00BC17F5 /* Global.swift */,
				3099A39623541BED0055DB66 /* Config.swift */,
				30DE1A10234A616E000B4E63 /* Assets.xcassets */,
				30DE1A12234A616E000B4E63 /* LaunchScreen.storyboard */,
				30DE1A15234A616E000B4E63 /* Info.plist */,
			);
			path = Support;
			sourceTree = "<group>";
		};
		30C161AC234DAA9B00BC17F5 /* Model */ = {
			isa = PBXGroup;
			children = (
				302D8D4E234DE25C0001D856 /* Model.swift */,
			);
			path = Model;
			sourceTree = "<group>";
		};
		30C161AF234DABB300BC17F5 /* Component */ = {
			isa = PBXGroup;
			children = (
				302D8D4C234DE2380001D856 /* File.swift */,
			);
			path = Component;
			sourceTree = "<group>";
		};
		30C161B0234DABBE00BC17F5 /* Procedure */ = {
			isa = PBXGroup;
			children = (
				303A15A0235708AC00979962 /* Article */,
				30D826D8235345D9000CFFFD /* Favourite */,
				302D8D51234F1E670001D856 /* Cate */,
				302D8D52234F1E710001D856 /* Mine */,
				30DE1A07234A616D000B4E63 /* AppDelegate.swift */,
				30DE1A0B234A616D000B4E63 /* ViewController.swift */,
			);
			path = Procedure;
			sourceTree = "<group>";
		};
		30C161B1234DABE600BC17F5 /* Base */ = {
			isa = PBXGroup;
			children = (
				30C161B2234DABE600BC17F5 /* View */,
				30C161B7234DABE600BC17F5 /* ViewController */,
			);
			path = Base;
			sourceTree = "<group>";
		};
		30C161B2234DABE600BC17F5 /* View */ = {
			isa = PBXGroup;
			children = (
				30C161B3234DABE600BC17F5 /* UBaseTableViewHeaderFooterView.swift */,
				30C161B4234DABE600BC17F5 /* UBaseCollectionViewCell.swift */,
				30C161B5234DABE600BC17F5 /* UBaseTableViewCell.swift */,
				30C161B6234DABE600BC17F5 /* UBaseCollectionReusableView.swift */,
				303A15B4235950E400979962 /* BaseWebView.swift */,
			);
			path = View;
			sourceTree = "<group>";
		};
		30C161B7234DABE600BC17F5 /* ViewController */ = {
			isa = PBXGroup;
			children = (
				30C161B9234DABE600BC17F5 /* UBaseViewController.swift */,
				30C161BA234DABE600BC17F5 /* UTabBarController.swift */,
				30C161BB234DABE600BC17F5 /* UNavigationController.swift */,
				30C161BC234DABE600BC17F5 /* UWebViewController.swift */,
			);
			path = ViewController;
			sourceTree = "<group>";
		};
		30C188212356224000FDF273 /* View */ = {
			isa = PBXGroup;
			children = (
				30C188222356225800FDF273 /* MineHeader.swift */,
			);
			path = View;
			sourceTree = "<group>";
		};
		30D658572350471A008516A6 /* View */ = {
			isa = PBXGroup;
			children = (
				30D6585823504756008516A6 /* CatCollectionViewCell.swift */,
				30D826DC235361A3000CFFFD /* CatCollectionViewSectionHeader.swift */,
				3099A39823556A3F0055DB66 /* CatCollectionViewSectionFooter.swift */,
				303A159E2356DB9D00979962 /* CatDetailCell.swift */,
			);
			path = View;
			sourceTree = "<group>";
		};
		30D826D8235345D9000CFFFD /* Favourite */ = {
			isa = PBXGroup;
			children = (
				30D826D9235345F8000CFFFD /* ViewController */,
			);
			path = Favourite;
			sourceTree = "<group>";
		};
		30D826D9235345F8000CFFFD /* ViewController */ = {
			isa = PBXGroup;
			children = (
				30D826DA23534634000CFFFD /* FavouriteViewController.swift */,
			);
			path = ViewController;
			sourceTree = "<group>";
		};
		30DE19FB234A616C000B4E63 = {
			isa = PBXGroup;
			children = (
				303A15AF23583F1C00979962 /* TODO.md */,
				30DE1A06234A616D000B4E63 /* MagazineReader */,
				30DE1A05234A616C000B4E63 /* Products */,
				93DB9DE6C9A8B5942DF87411 /* Pods */,
				887485CAB455F414CED2D10A /* Frameworks */,
			);
			sourceTree = "<group>";
		};
		30DE1A05234A616C000B4E63 /* Products */ = {
			isa = PBXGroup;
			children = (
				30DE1A04234A616C000B4E63 /* MagazineReader.app */,
			);
			name = Products;
			sourceTree = "<group>";
		};
		30DE1A06234A616D000B4E63 /* MagazineReader */ = {
			isa = PBXGroup;
			children = (
				30F02D5D235C14AD009E9942 /* Tool */,
				30C161B0234DABBE00BC17F5 /* Procedure */,
				30C161B1234DABE600BC17F5 /* Base */,
				30C161AF234DABB300BC17F5 /* Component */,
				30C161A8234DAA2400BC17F5 /* Api */,
				30C161AC234DAA9B00BC17F5 /* Model */,
				30C16195234DAA0700BC17F5 /* Extension */,
				30C161AB234DAA6400BC17F5 /* Support */,
			);
			path = MagazineReader;
			sourceTree = "<group>";
		};
		30F02D5D235C14AD009E9942 /* Tool */ = {
			isa = PBXGroup;
			children = (
			);
			path = Tool;
			sourceTree = "<group>";
		};
		887485CAB455F414CED2D10A /* Frameworks */ = {
			isa = PBXGroup;
			children = (
				A13D3A4A785036F8CEF21874 /* Pods_MagazineReader.framework */,
			);
			name = Frameworks;
			sourceTree = "<group>";
		};
		93DB9DE6C9A8B5942DF87411 /* Pods */ = {
			isa = PBXGroup;
			children = (
				6E06080BDB022BF557C98E7C /* Pods-MagazineReader.debug.xcconfig */,
				5E8690F37D7513B00BF9A3E0 /* Pods-MagazineReader.release.xcconfig */,
			);
			path = Pods;
			sourceTree = "<group>";
		};
/* End PBXGroup section */

/* Begin PBXNativeTarget section */
		30DE1A03234A616C000B4E63 /* MagazineReader */ = {
			isa = PBXNativeTarget;
			buildConfigurationList = 30DE1A18234A616E000B4E63 /* Build configuration list for PBXNativeTarget "MagazineReader" */;
			buildPhases = (
				62338662A83CF561ABFA5F57 /* [CP] Check Pods Manifest.lock */,
				30DE1A00234A616C000B4E63 /* Sources */,
				30DE1A01234A616C000B4E63 /* Frameworks */,
				30DE1A02234A616C000B4E63 /* Resources */,
				EF8C667F98F5D6A876F2EE5C /* [CP] Embed Pods Frameworks */,
			);
			buildRules = (
			);
			dependencies = (
			);
			name = MagazineReader;
			productName = MagazineReader;
			productReference = 30DE1A04234A616C000B4E63 /* MagazineReader.app */;
			productType = "com.apple.product-type.application";
		};
/* End PBXNativeTarget section */

/* Begin PBXProject section */
		30DE19FC234A616C000B4E63 /* Project object */ = {
			isa = PBXProject;
			attributes = {
				LastSwiftUpdateCheck = 1100;
				LastUpgradeCheck = 1100;
				ORGANIZATIONNAME = liqiantu;
				TargetAttributes = {
					30DE1A03234A616C000B4E63 = {
						CreatedOnToolsVersion = 11.0;
					};
				};
			};
			buildConfigurationList = 30DE19FF234A616C000B4E63 /* Build configuration list for PBXProject "MagazineReader" */;
			compatibilityVersion = "Xcode 9.3";
			developmentRegion = en;
			hasScannedForEncodings = 0;
			knownRegions = (
				en,
				Base,
			);
			mainGroup = 30DE19FB234A616C000B4E63;
			productRefGroup = 30DE1A05234A616C000B4E63 /* Products */;
			projectDirPath = "";
			projectRoot = "";
			targets = (
				30DE1A03234A616C000B4E63 /* MagazineReader */,
			);
		};
/* End PBXProject section */

/* Begin PBXResourcesBuildPhase section */
		30DE1A02234A616C000B4E63 /* Resources */ = {
			isa = PBXResourcesBuildPhase;
			buildActionMask = 2147483647;
			files = (
				30DE1A14234A616E000B4E63 /* LaunchScreen.storyboard in Resources */,
				30DE1A11234A616E000B4E63 /* Assets.xcassets in Resources */,
				303C6851235B642700D9E48C /* AritclePage in Resources */,
			);
			runOnlyForDeploymentPostprocessing = 0;
		};
/* End PBXResourcesBuildPhase section */

/* Begin PBXShellScriptBuildPhase section */
		62338662A83CF561ABFA5F57 /* [CP] Check Pods Manifest.lock */ = {
			isa = PBXShellScriptBuildPhase;
			buildActionMask = 2147483647;
			files = (
			);
			inputFileListPaths = (
			);
			inputPaths = (
				"${PODS_PODFILE_DIR_PATH}/Podfile.lock",
				"${PODS_ROOT}/Manifest.lock",
			);
			name = "[CP] Check Pods Manifest.lock";
			outputFileListPaths = (
			);
			outputPaths = (
				"$(DERIVED_FILE_DIR)/Pods-MagazineReader-checkManifestLockResult.txt",
			);
			runOnlyForDeploymentPostprocessing = 0;
			shellPath = /bin/sh;
			shellScript = "diff \"${PODS_PODFILE_DIR_PATH}/Podfile.lock\" \"${PODS_ROOT}/Manifest.lock\" > /dev/null\nif [ $? != 0 ] ; then\n    # print error to STDERR\n    echo \"error: The sandbox is not in sync with the Podfile.lock. Run 'pod install' or update your CocoaPods installation.\" >&2\n    exit 1\nfi\n# This output is used by Xcode 'outputs' to avoid re-running this script phase.\necho \"SUCCESS\" > \"${SCRIPT_OUTPUT_FILE_0}\"\n";
			showEnvVarsInLog = 0;
		};
		EF8C667F98F5D6A876F2EE5C /* [CP] Embed Pods Frameworks */ = {
			isa = PBXShellScriptBuildPhase;
			buildActionMask = 2147483647;
			files = (
			);
			inputFileListPaths = (
				"${PODS_ROOT}/Target Support Files/Pods-MagazineReader/Pods-MagazineReader-frameworks-${CONFIGURATION}-input-files.xcfilelist",
			);
			name = "[CP] Embed Pods Frameworks";
			outputFileListPaths = (
				"${PODS_ROOT}/Target Support Files/Pods-MagazineReader/Pods-MagazineReader-frameworks-${CONFIGURATION}-output-files.xcfilelist",
			);
			runOnlyForDeploymentPostprocessing = 0;
			shellPath = /bin/sh;
			shellScript = "\"${PODS_ROOT}/Target Support Files/Pods-MagazineReader/Pods-MagazineReader-frameworks.sh\"\n";
			showEnvVarsInLog = 0;
		};
/* End PBXShellScriptBuildPhase section */

/* Begin PBXSourcesBuildPhase section */
		30DE1A00234A616C000B4E63 /* Sources */ = {
			isa = PBXSourcesBuildPhase;
			buildActionMask = 2147483647;
			files = (
				303A15B3235872DA00979962 /* ArticleCatalogCollectionReusableFooterView.swift in Sources */,
				30D826DD235361A3000CFFFD /* CatCollectionViewSectionHeader.swift in Sources */,
				30D6585923504756008516A6 /* CatCollectionViewCell.swift in Sources */,
				3099A39B2355CC7E0055DB66 /* CatDetailViewController.swift in Sources */,
				3099A39923556A3F0055DB66 /* CatCollectionViewSectionFooter.swift in Sources */,
				3099A39723541BED0055DB66 /* Config.swift in Sources */,
				30C161BF234DABE600BC17F5 /* UBaseTableViewCell.swift in Sources */,
				30C161A4234DAA0800BC17F5 /* UIImageExtensions.swift in Sources */,
				30D826DB23534634000CFFFD /* FavouriteViewController.swift in Sources */,
				303A15B12358564200979962 /* ArticleCatalogCollectionReusableHeaderView.swift in Sources */,
				30C161A1234DAA0800BC17F5 /* UIViewExtension.swift in Sources */,
				30DE1A0C234A616D000B4E63 /* ViewController.swift in Sources */,
				30C161A7234DAA0800BC17F5 /* DictionaryExtension.swift in Sources */,
				30DE1A08234A616D000B4E63 /* AppDelegate.swift in Sources */,
				303A159F2356DB9D00979962 /* CatDetailCell.swift in Sources */,
				303A15AA235800A900979962 /* ArticlePastIssueViewController.swift in Sources */,
				303A15A3235708F100979962 /* ArticleDetailViewController.swift in Sources */,
				302D8D4D234DE2380001D856 /* File.swift in Sources */,
				303A15B5235950E400979962 /* BaseWebView.swift in Sources */,
				303A15AE235831CF00979962 /* ArticleCatalogViewCellCollectionViewCell.swift in Sources */,
				30C161A0234DAA0800BC17F5 /* UIColorExtension.swift in Sources */,
				3094690323589F3A00BF5CFA /* ArticleContentViewController.swift in Sources */,
				30C161AE234DAB8D00BC17F5 /* Global.swift in Sources */,
				30C161BD234DABE600BC17F5 /* UBaseTableViewHeaderFooterView.swift in Sources */,
				302D8D5C234F3A9C0001D856 /* MineViewController.swift in Sources */,
				302D8D5A234F3A8E0001D856 /* CateViewController.swift in Sources */,
				30C161AA234DAA5400BC17F5 /* Api.swift in Sources */,
				30C161C4234DABE600BC17F5 /* UNavigationController.swift in Sources */,
				30C161C5234DABE600BC17F5 /* UWebViewController.swift in Sources */,
				30C161A2234DAA0800BC17F5 /* UIBarButtonItemExtension.swift in Sources */,
				30C188232356225800FDF273 /* MineHeader.swift in Sources */,
				30C161A3234DAA0800BC17F5 /* UIDeviceExtension.swift in Sources */,
				302D8D4F234DE25C0001D856 /* Model.swift in Sources */,
				30C161C0234DABE600BC17F5 /* UBaseCollectionReusableView.swift in Sources */,
				30C161A5234DAA0800BC17F5 /* DispatchQueueExtension.swift in Sources */,
				303A15A8235717E100979962 /* ArticleCatalogHeaderView.swift in Sources */,
				30C161C2234DABE600BC17F5 /* UBaseViewController.swift in Sources */,
				30C161C3234DABE600BC17F5 /* UTabBarController.swift in Sources */,
				30C161A6234DAA0800BC17F5 /* StringExtension.swift in Sources */,
				303A15AC235803F200979962 /* ArticleCatalogViewController.swift in Sources */,
				30C1619F234DAA0800BC17F5 /* ArrayExtensions.swift in Sources */,
				30C161BE234DABE600BC17F5 /* UBaseCollectionViewCell.swift in Sources */,
			);
			runOnlyForDeploymentPostprocessing = 0;
		};
/* End PBXSourcesBuildPhase section */

/* Begin PBXVariantGroup section */
		30DE1A12234A616E000B4E63 /* LaunchScreen.storyboard */ = {
			isa = PBXVariantGroup;
			children = (
				30DE1A13234A616E000B4E63 /* Base */,
			);
			name = LaunchScreen.storyboard;
			sourceTree = "<group>";
		};
/* End PBXVariantGroup section */

/* Begin XCBuildConfiguration section */
		30DE1A16234A616E000B4E63 /* Debug */ = {
			isa = XCBuildConfiguration;
			buildSettings = {
				ALWAYS_SEARCH_USER_PATHS = NO;
				CLANG_ANALYZER_NONNULL = YES;
				CLANG_ANALYZER_NUMBER_OBJECT_CONVERSION = YES_AGGRESSIVE;
				CLANG_CXX_LANGUAGE_STANDARD = "gnu++14";
				CLANG_CXX_LIBRARY = "libc++";
				CLANG_ENABLE_MODULES = YES;
				CLANG_ENABLE_OBJC_ARC = YES;
				CLANG_ENABLE_OBJC_WEAK = YES;
				CLANG_WARN_BLOCK_CAPTURE_AUTORELEASING = YES;
				CLANG_WARN_BOOL_CONVERSION = YES;
				CLANG_WARN_COMMA = YES;
				CLANG_WARN_CONSTANT_CONVERSION = YES;
				CLANG_WARN_DEPRECATED_OBJC_IMPLEMENTATIONS = YES;
				CLANG_WARN_DIRECT_OBJC_ISA_USAGE = YES_ERROR;
				CLANG_WARN_DOCUMENTATION_COMMENTS = YES;
				CLANG_WARN_EMPTY_BODY = YES;
				CLANG_WARN_ENUM_CONVERSION = YES;
				CLANG_WARN_INFINITE_RECURSION = YES;
				CLANG_WARN_INT_CONVERSION = YES;
				CLANG_WARN_NON_LITERAL_NULL_CONVERSION = YES;
				CLANG_WARN_OBJC_IMPLICIT_RETAIN_SELF = YES;
				CLANG_WARN_OBJC_LITERAL_CONVERSION = YES;
				CLANG_WARN_OBJC_ROOT_CLASS = YES_ERROR;
				CLANG_WARN_RANGE_LOOP_ANALYSIS = YES;
				CLANG_WARN_STRICT_PROTOTYPES = YES;
				CLANG_WARN_SUSPICIOUS_MOVE = YES;
				CLANG_WARN_UNGUARDED_AVAILABILITY = YES_AGGRESSIVE;
				CLANG_WARN_UNREACHABLE_CODE = YES;
				CLANG_WARN__DUPLICATE_METHOD_MATCH = YES;
				COPY_PHASE_STRIP = NO;
				DEBUG_INFORMATION_FORMAT = dwarf;
				ENABLE_STRICT_OBJC_MSGSEND = YES;
				ENABLE_TESTABILITY = YES;
				GCC_C_LANGUAGE_STANDARD = gnu11;
				GCC_DYNAMIC_NO_PIC = NO;
				GCC_NO_COMMON_BLOCKS = YES;
				GCC_OPTIMIZATION_LEVEL = 0;
				GCC_PREPROCESSOR_DEFINITIONS = (
					"DEBUG=1",
					"$(inherited)",
				);
				GCC_WARN_64_TO_32_BIT_CONVERSION = YES;
				GCC_WARN_ABOUT_RETURN_TYPE = YES_ERROR;
				GCC_WARN_UNDECLARED_SELECTOR = YES;
				GCC_WARN_UNINITIALIZED_AUTOS = YES_AGGRESSIVE;
				GCC_WARN_UNUSED_FUNCTION = YES;
				GCC_WARN_UNUSED_VARIABLE = YES;
				IPHONEOS_DEPLOYMENT_TARGET = 13.0;
				MTL_ENABLE_DEBUG_INFO = INCLUDE_SOURCE;
				MTL_FAST_MATH = YES;
				ONLY_ACTIVE_ARCH = YES;
				SDKROOT = iphoneos;
				SWIFT_ACTIVE_COMPILATION_CONDITIONS = DEBUG;
				SWIFT_OPTIMIZATION_LEVEL = "-Onone";
			};
			name = Debug;
		};
		30DE1A17234A616E000B4E63 /* Release */ = {
			isa = XCBuildConfiguration;
			buildSettings = {
				ALWAYS_SEARCH_USER_PATHS = NO;
				CLANG_ANALYZER_NONNULL = YES;
				CLANG_ANALYZER_NUMBER_OBJECT_CONVERSION = YES_AGGRESSIVE;
				CLANG_CXX_LANGUAGE_STANDARD = "gnu++14";
				CLANG_CXX_LIBRARY = "libc++";
				CLANG_ENABLE_MODULES = YES;
				CLANG_ENABLE_OBJC_ARC = YES;
				CLANG_ENABLE_OBJC_WEAK = YES;
				CLANG_WARN_BLOCK_CAPTURE_AUTORELEASING = YES;
				CLANG_WARN_BOOL_CONVERSION = YES;
				CLANG_WARN_COMMA = YES;
				CLANG_WARN_CONSTANT_CONVERSION = YES;
				CLANG_WARN_DEPRECATED_OBJC_IMPLEMENTATIONS = YES;
				CLANG_WARN_DIRECT_OBJC_ISA_USAGE = YES_ERROR;
				CLANG_WARN_DOCUMENTATION_COMMENTS = YES;
				CLANG_WARN_EMPTY_BODY = YES;
				CLANG_WARN_ENUM_CONVERSION = YES;
				CLANG_WARN_INFINITE_RECURSION = YES;
				CLANG_WARN_INT_CONVERSION = YES;
				CLANG_WARN_NON_LITERAL_NULL_CONVERSION = YES;
				CLANG_WARN_OBJC_IMPLICIT_RETAIN_SELF = YES;
				CLANG_WARN_OBJC_LITERAL_CONVERSION = YES;
				CLANG_WARN_OBJC_ROOT_CLASS = YES_ERROR;
				CLANG_WARN_RANGE_LOOP_ANALYSIS = YES;
				CLANG_WARN_STRICT_PROTOTYPES = YES;
				CLANG_WARN_SUSPICIOUS_MOVE = YES;
				CLANG_WARN_UNGUARDED_AVAILABILITY = YES_AGGRESSIVE;
				CLANG_WARN_UNREACHABLE_CODE = YES;
				CLANG_WARN__DUPLICATE_METHOD_MATCH = YES;
				COPY_PHASE_STRIP = NO;
				DEBUG_INFORMATION_FORMAT = "dwarf-with-dsym";
				ENABLE_NS_ASSERTIONS = NO;
				ENABLE_STRICT_OBJC_MSGSEND = YES;
				GCC_C_LANGUAGE_STANDARD = gnu11;
				GCC_NO_COMMON_BLOCKS = YES;
				GCC_WARN_64_TO_32_BIT_CONVERSION = YES;
				GCC_WARN_ABOUT_RETURN_TYPE = YES_ERROR;
				GCC_WARN_UNDECLARED_SELECTOR = YES;
				GCC_WARN_UNINITIALIZED_AUTOS = YES_AGGRESSIVE;
				GCC_WARN_UNUSED_FUNCTION = YES;
				GCC_WARN_UNUSED_VARIABLE = YES;
				IPHONEOS_DEPLOYMENT_TARGET = 13.0;
				MTL_ENABLE_DEBUG_INFO = NO;
				MTL_FAST_MATH = YES;
				SDKROOT = iphoneos;
				SWIFT_COMPILATION_MODE = wholemodule;
				SWIFT_OPTIMIZATION_LEVEL = "-O";
				VALIDATE_PRODUCT = YES;
			};
			name = Release;
		};
		30DE1A19234A616E000B4E63 /* Debug */ = {
			isa = XCBuildConfiguration;
			baseConfigurationReference = 6E06080BDB022BF557C98E7C /* Pods-MagazineReader.debug.xcconfig */;
			buildSettings = {
				ASSETCATALOG_COMPILER_APPICON_NAME = AppIcon;
				CODE_SIGN_STYLE = Automatic;
				DEVELOPMENT_TEAM = P72ZUNZG2W;
				INFOPLIST_FILE = "$(SRCROOT)/MagazineReader/Support/Info.plist";
				IPHONEOS_DEPLOYMENT_TARGET = 11.4;
				LD_RUNPATH_SEARCH_PATHS = (
					"$(inherited)",
					"@executable_path/Frameworks",
				);
				PRODUCT_BUNDLE_IDENTIFIER = com.lqt.MagazineReader;
				PRODUCT_NAME = "$(TARGET_NAME)";
				SWIFT_VERSION = 5.0;
				TARGETED_DEVICE_FAMILY = "1,2";
			};
			name = Debug;
		};
		30DE1A1A234A616E000B4E63 /* Release */ = {
			isa = XCBuildConfiguration;
			baseConfigurationReference = 5E8690F37D7513B00BF9A3E0 /* Pods-MagazineReader.release.xcconfig */;
			buildSettings = {
				ASSETCATALOG_COMPILER_APPICON_NAME = AppIcon;
				CODE_SIGN_STYLE = Automatic;
				DEVELOPMENT_TEAM = P72ZUNZG2W;
				INFOPLIST_FILE = "$(SRCROOT)/MagazineReader/Support/Info.plist";
				IPHONEOS_DEPLOYMENT_TARGET = 11.4;
				LD_RUNPATH_SEARCH_PATHS = (
					"$(inherited)",
					"@executable_path/Frameworks",
				);
				PRODUCT_BUNDLE_IDENTIFIER = com.lqt.MagazineReader;
				PRODUCT_NAME = "$(TARGET_NAME)";
				SWIFT_VERSION = 5.0;
				TARGETED_DEVICE_FAMILY = "1,2";
			};
			name = Release;
		};
/* End XCBuildConfiguration section */

/* Begin XCConfigurationList section */
		30DE19FF234A616C000B4E63 /* Build configuration list for PBXProject "MagazineReader" */ = {
			isa = XCConfigurationList;
			buildConfigurations = (
				30DE1A16234A616E000B4E63 /* Debug */,
				30DE1A17234A616E000B4E63 /* Release */,
			);
			defaultConfigurationIsVisible = 0;
			defaultConfigurationName = Release;
		};
		30DE1A18234A616E000B4E63 /* Build configuration list for PBXNativeTarget "MagazineReader" */ = {
			isa = XCConfigurationList;
			buildConfigurations = (
				30DE1A19234A616E000B4E63 /* Debug */,
				30DE1A1A234A616E000B4E63 /* Release */,
			);
			defaultConfigurationIsVisible = 0;
			defaultConfigurationName = Release;
		};
/* End XCConfigurationList section */
	};
	rootObject = 30DE19FC234A616C000B4E63 /* Project object */;
}
